<?xml version="1.0" encoding="utf-8"?>
<Project ToolsVersion="4.0" xmlns="http://schemas.microsoft.com/developer/msbuild/2003">
  <ItemGroup>
    <Filter Include="Source Files">
      <UniqueIdentifier>{4FC737F1-C7A5-4376-A066-2A32D752A2FF}</UniqueIdentifier>
      <Extensions>cpp;c;cc;cxx;def;odl;idl;hpj;bat;asm;asmx</Extensions>
    </Filter>
    <Filter Include="Header Files">
      <UniqueIdentifier>{93995380-89BD-4b04-88EB-625FBE52EBFB}</UniqueIdentifier>
      <Extensions>h;hh;hpp;hxx;hm;inl;inc;ipp;xsd</Extensions>
    </Filter>
    <Filter Include="Resource Files">
      <UniqueIdentifier>{67DA6AB6-F800-4c08-8B7A-83BB121AAD01}</UniqueIdentifier>
      <Extensions>rc;ico;cur;bmp;dlg;rc2;rct;bin;rgs;gif;jpg;jpeg;jpe;resx;tiff;tif;png;wav;mfcribbon-ms</Extensions>
    </Filter>
  </ItemGroup>
  <ItemGroup>
    <ClInclude Include="Project1.h">
      <Filter>Header Files</Filter>
    </ClInclude>
    <ClInclude Include="framework.h">
      <Filter>Header Files</Filter>
    </ClInclude>
    <ClInclude Include="targetver.h">
      <Filter>Header Files</Filter>
    </ClInclude>
    <ClInclude Include="MainFrm.h">
      <Filter>Header Files</Filter>
    </ClInclude>
    <ClInclude Include="ChildView.h">
      <Filter>Header Files</Filter>
    </ClInclude>
    <ClInclude Include="Resource.h">
      <Filter>Header Files</Filter>
    </ClInclude>
    <ClInclude Include="pch.h">
      <Filter>Header Files</Filter>
    </ClInclude>
    <ClInclude Include="ScoreBoard.h">
      <Filter>Header Files</Filter>
    </ClInclude>
    <ClInclude Include="Harold.h">
      <Filter>Header Files</Filter>
    </ClInclude>
    <ClInclude Include="Game.h">
      <Filter>Header Files</Filter>
    </ClInclude>
    <ClInclude Include="Item.h">
      <Filter>Header Files</Filter>
    </ClInclude>
    <ClInclude Include="Vector.h">
      <Filter>Header Files</Filter>
    </ClInclude>
    <ClInclude Include="DoubleBufferDC.h">
      <Filter>Header Files</Filter>
    </ClInclude>
    <ClInclude Include="HaroldPen.h">
      <Filter>Header Files</Filter>
    </ClInclude>
    <ClInclude Include="UML.h">
      <Filter>Header Files</Filter>
    </ClInclude>
    <ClInclude Include="BadUML.h">
      <Filter>Header Files</Filter>
    </ClInclude>
    <ClInclude Include="UMLAttribute.h">
      <Filter>Header Files</Filter>
    </ClInclude>
    <ClInclude Include="BadUMLAttribute.h">
      <Filter>Header Files</Filter>
    </ClInclude>
    <ClInclude Include="GoodUML.h">
      <Filter>Header Files</Filter>
    </ClInclude>
    <ClInclude Include="XmlNode.h">
      <Filter>Header Files</Filter>
    </ClInclude>
    <ClInclude Include="IsPowerItemVisitor.h">
      <Filter>Header Files</Filter>
    </ClInclude>
    <ClInclude Include="ItemVisitor.h">
      <Filter>Header Files</Filter>
    </ClInclude>
    <ClInclude Include="IsUMLItemVisitor.h">
      <Filter>Header Files</Filter>
    </ClInclude>
    <ClInclude Include="IsHaroldPenVisitor.h">
      <Filter>Header Files</Filter>
    </ClInclude>
    <ClInclude Include="PowerItem.h">
      <Filter>Header Files</Filter>
    </ClInclude>
    <ClInclude Include="IsPowerAllGoodVisitor.h">
      <Filter>Header Files</Filter>
    </ClInclude>
    <ClInclude Include="IsPowerAllBadVisitor.h">
      <Filter>Header Files</Filter>
    </ClInclude>
    <ClInclude Include="IsPowerAllGoneVisitor.h">
      <Filter>Header Files</Filter>
    </ClInclude>
    <ClInclude Include="IsPowerRapidFireVisitor.h">
      <Filter>Header Files</Filter>
    </ClInclude>
    <ClInclude Include="IsPowerFastVisitor.h">
      <Filter>Header Files</Filter>
    </ClInclude>
    <ClInclude Include="IsPowerSlowVisitor.h">
      <Filter>Header Files</Filter>
    </ClInclude>
    <ClInclude Include="PowerAllBad.h">
      <Filter>Header Files</Filter>
    </ClInclude>
    <ClInclude Include="PowerAllGood.h">
      <Filter>Header Files</Filter>
    </ClInclude>
    <ClInclude Include="PowerAllGone.h">
      <Filter>Header Files</Filter>
    </ClInclude>
    <ClInclude Include="PowerRapidFire.h">
      <Filter>Header Files</Filter>
    </ClInclude>
    <ClInclude Include="MakePenActiveVisitor.h">
      <Filter>Header Files</Filter>
    </ClInclude>
    <ClInclude Include="Emitter.h">
      <Filter>Header Files</Filter>
    </ClInclude>
    <ClInclude Include="PowerFast.h">
      <Filter>Header Files</Filter>
    </ClInclude>
    <ClInclude Include="PowerSlow.h">
      <Filter>Header Files</Filter>
    </ClInclude>
    <ClInclude Include="IsBadUMLVisitor.h">
      <Filter>Header Files</Filter>
    </ClInclude>
    <ClInclude Include="IsGoodUMLVisitor.h">
      <Filter>Header Files</Filter>
    </ClInclude>
  </ItemGroup>
  <ItemGroup>
    <ClCompile Include="Project1.cpp">
      <Filter>Source Files</Filter>
    </ClCompile>
    <ClCompile Include="MainFrm.cpp">
      <Filter>Source Files</Filter>
    </ClCompile>
    <ClCompile Include="ChildView.cpp">
      <Filter>Source Files</Filter>
    </ClCompile>
    <ClCompile Include="pch.cpp">
      <Filter>Source Files</Filter>
    </ClCompile>
    <ClCompile Include="ScoreBoard.cpp">
      <Filter>Source Files</Filter>
    </ClCompile>
    <ClCompile Include="Harold.cpp">
      <Filter>Source Files</Filter>
    </ClCompile>
    <ClCompile Include="Game.cpp">
      <Filter>Source Files</Filter>
    </ClCompile>
    <ClCompile Include="Item.cpp">
      <Filter>Source Files</Filter>
    </ClCompile>
    <ClCompile Include="Vector.cpp">
      <Filter>Source Files</Filter>
    </ClCompile>
    <ClCompile Include="HaroldPen.cpp">
      <Filter>Source Files</Filter>
    </ClCompile>
    <ClCompile Include="UML.cpp">
      <Filter>Source Files</Filter>
    </ClCompile>
    <ClCompile Include="BadUML.cpp">
      <Filter>Source Files</Filter>
    </ClCompile>
    <ClCompile Include="UMLAttribute.cpp">
      <Filter>Source Files</Filter>
    </ClCompile>
    <ClCompile Include="BadUMLAttribute.cpp">
      <Filter>Source Files</Filter>
    </ClCompile>
    <ClCompile Include="GoodUML.cpp">
      <Filter>Source Files</Filter>
    </ClCompile>
    <ClCompile Include="XmlNode.cpp">
      <Filter>Source Files</Filter>
    </ClCompile>
    <ClCompile Include="IsPowerItemVisitor.cpp">
      <Filter>Source Files</Filter>
    </ClCompile>
    <ClCompile Include="ItemVisitor.cpp">
      <Filter>Source Files</Filter>
    </ClCompile>
    <ClCompile Include="IsUMLItemVisitor.cpp">
      <Filter>Source Files</Filter>
    </ClCompile>
    <ClCompile Include="IsHaroldPenVisitor.cpp">
      <Filter>Source Files</Filter>
    </ClCompile>
    <ClCompile Include="PowerItem.cpp">
      <Filter>Source Files</Filter>
    </ClCompile>
    <ClCompile Include="IsPowerAllGoodVisitor.cpp">
      <Filter>Source Files</Filter>
    </ClCompile>
    <ClCompile Include="IsPowerAllBadVisitor.cpp">
      <Filter>Source Files</Filter>
    </ClCompile>
    <ClCompile Include="IsPowerAllGoneVisitor.cpp">
      <Filter>Source Files</Filter>
    </ClCompile>
    <ClCompile Include="IsPowerRapidFireVisitor.cpp">
      <Filter>Source Files</Filter>
    </ClCompile>
    <ClCompile Include="IsPowerFastVisitor.cpp">
      <Filter>Source Files</Filter>
    </ClCompile>
    <ClCompile Include="IsPowerSlowVisitor.cpp">
      <Filter>Source Files</Filter>
    </ClCompile>
    <ClCompile Include="PowerAllBad.cpp">
      <Filter>Source Files</Filter>
    </ClCompile>
    <ClCompile Include="PowerAllGood.cpp">
      <Filter>Source Files</Filter>
    </ClCompile>
    <ClCompile Include="PowerAllGone.cpp">
      <Filter>Source Files</Filter>
    </ClCompile>
    <ClCompile Include="PowerRapidFire.cpp">
      <Filter>Source Files</Filter>
    </ClCompile>
    <ClCompile Include="MakePenActiveVisitor.cpp">
      <Filter>Source Files</Filter>
    </ClCompile>
    <ClCompile Include="Emitter.cpp">
      <Filter>Source Files</Filter>
    </ClCompile>
    <ClCompile Include="PowerFast.cpp">
      <Filter>Source Files</Filter>
    </ClCompile>
    <ClCompile Include="PowerSlow.cpp">
      <Filter>Source Files</Filter>
    </ClCompile>
    <ClCompile Include="IsBadUMLVisitor.cpp">
      <Filter>Source Files</Filter>
    </ClCompile>
    <ClCompile Include="IsGoodUMLVisitor.cpp">
      <Filter>Source Files</Filter>
    </ClCompile>
  </ItemGroup>
  <ItemGroup>
    <ResourceCompile Include="Project1.rc">
      <Filter>Resource Files</Filter>
    </ResourceCompile>
  </ItemGroup>
  <ItemGroup>
    <None Include="res\Project1.rc2">
      <Filter>Resource Files</Filter>
    </None>
  </ItemGroup>
  <ItemGroup>
    <Image Include="res\Project1.ico">
      <Filter>Resource Files</Filter>
    </Image>
    <Image Include="res\Toolbar.bmp">
      <Filter>Resource Files</Filter>
    </Image>
  </ItemGroup>
  <ItemGroup>
    <Xml Include="..\uml.xml" />
  </ItemGroup>
</Project>